
Microsoft Visual Studio Solution File, Format Version 12.00
# Visual Studio Version 16
VisualStudioVersion = 16.0.29519.87
MinimumVisualStudioVersion = 10.0.40219.1
Project("{FAE04EC0-301F-11D3-BF4B-00C04F79EFBC}") = "AgroBarn.Data", "AgroBarn.Data\AgroBarn.Data.csproj", "{472A6B23-C9F4-484D-9A18-874F6732A245}"
EndProject
Project("{FAE04EC0-301F-11D3-BF4B-00C04F79EFBC}") = "AgroBarn.Domain", "AgroBarn.Domain\AgroBarn.Domain.csproj", "{366EB20E-B4C5-4B28-8E43-52FEFA14DD0A}"
EndProject
Project("{FAE04EC0-301F-11D3-BF4B-00C04F79EFBC}") = "AgroBarn.API", "AgroBarn.API\AgroBarn.API.csproj", "{CE56775A-F6FE-4AC4-8848-A36E7130FB4F}"
EndProject
Global
	GlobalSection(SolutionConfigurationPlatforms) = preSolution
		Debug|Any CPU = Debug|Any CPU
		Release|Any CPU = Release|Any CPU
	EndGlobalSection
	GlobalSection(ProjectConfigurationPlatforms) = postSolution
		{472A6B23-C9F4-484D-9A18-874F6732A245}.Debug|Any CPU.ActiveCfg = Debug|Any CPU
		{472A6B23-C9F4-484D-9A18-874F6732A245}.Debug|Any CPU.Build.0 = Debug|Any CPU
		{472A6B23-C9F4-484D-9A18-874F6732A245}.Release|Any CPU.ActiveCfg = Release|Any CPU
		{472A6B23-C9F4-484D-9A18-874F6732A245}.Release|Any CPU.Build.0 = Release|Any CPU
		{366EB20E-B4C5-4B28-8E43-52FEFA14DD0A}.Debug|Any CPU.ActiveCfg = Debug|Any CPU
		{366EB20E-B4C5-4B28-8E43-52FEFA14DD0A}.Debug|Any CPU.Build.0 = Debug|Any CPU
		{366EB20E-B4C5-4B28-8E43-52FEFA14DD0A}.Release|Any CPU.ActiveCfg = Release|Any CPU
		{366EB20E-B4C5-4B28-8E43-52FEFA14DD0A}.Release|Any CPU.Build.0 = Release|Any CPU
		{CE56775A-F6FE-4AC4-8848-A36E7130FB4F}.Debug|Any CPU.ActiveCfg = Debug|Any CPU
		{CE56775A-F6FE-4AC4-8848-A36E7130FB4F}.Debug|Any CPU.Build.0 = Debug|Any CPU
		{CE56775A-F6FE-4AC4-8848-A36E7130FB4F}.Release|Any CPU.ActiveCfg = Release|Any CPU
		{CE56775A-F6FE-4AC4-8848-A36E7130FB4F}.Release|Any CPU.Build.0 = Release|Any CPU
	EndGlobalSection
	GlobalSection(SolutionProperties) = preSolution
		HideSolutionNode = FALSE
	EndGlobalSection
	GlobalSection(ExtensibilityGlobals) = postSolution
		SolutionGuid = {30E663AD-6F6D-487F-AC49-12AF76263FAB}
	EndGlobalSection
EndGlobal
